
Microsoft Visual Studio Solution File, Format Version 12.00
# Visual Studio Version 16
VisualStudioVersion = 16.0.30320.27
MinimumVisualStudioVersion = 10.0.40219.1
Project("{9A19103F-16F7-4668-BE54-9A1E7A4F7556}") = "eShopSolution.WebApp", "eShopSolution.WebApp\eShopSolution.WebApp.csproj", "{A14DDEFC-7BE9-4D21-900D-AA0F5593E9E7}"
EndProject
Project("{2150E333-8FDC-42A3-9474-1A3956D46DE8}") = "Solution Items", "Solution Items", "{6F1894C5-5794-4028-86F7-4B05E1F606E1}"
	ProjectSection(SolutionItems) = preProject
		README.md = README.md
	EndProjectSection
EndProject
Project("{9A19103F-16F7-4668-BE54-9A1E7A4F7556}") = "eShopSolution.Data", "eShopSolution.Data\eShopSolution.Data.csproj", "{06107815-7C4B-44ED-858F-BD08FEA781E9}"
EndProject
Project("{9A19103F-16F7-4668-BE54-9A1E7A4F7556}") = "eShopSolution.Application", "eShopSolution.Application\eShopSolution.Application.csproj", "{AC503FCC-7E47-4DCE-8AE0-59227C6C9CA9}"
EndProject
Project("{9A19103F-16F7-4668-BE54-9A1E7A4F7556}") = "eShopeSolution.Utilities", "eShopeSolution.Utilities\eShopeSolution.Utilities.csproj", "{7DEAC50B-8FEC-4CAA-B195-56F142EFCFDB}"
EndProject
Project("{9A19103F-16F7-4668-BE54-9A1E7A4F7556}") = "eShopSolution.ViewModel", "eShopSolution.ViewModel\eShopSolution.ViewModel.csproj", "{DE6229E7-B464-4DCC-9058-4DF9F51BE09F}"
EndProject
Project("{FAE04EC0-301F-11D3-BF4B-00C04F79EFBC}") = "eShopSolution.BackendApi", "eShopSolution.BackendApi\eShopSolution.BackendApi.csproj", "{60640D87-8725-4297-88DC-A31AE3339ED8}"
EndProject
Global
	GlobalSection(SolutionConfigurationPlatforms) = preSolution
		Debug|Any CPU = Debug|Any CPU
		Release|Any CPU = Release|Any CPU
	EndGlobalSection
	GlobalSection(ProjectConfigurationPlatforms) = postSolution
		{A14DDEFC-7BE9-4D21-900D-AA0F5593E9E7}.Debug|Any CPU.ActiveCfg = Debug|Any CPU
		{A14DDEFC-7BE9-4D21-900D-AA0F5593E9E7}.Debug|Any CPU.Build.0 = Debug|Any CPU
		{A14DDEFC-7BE9-4D21-900D-AA0F5593E9E7}.Release|Any CPU.ActiveCfg = Release|Any CPU
		{A14DDEFC-7BE9-4D21-900D-AA0F5593E9E7}.Release|Any CPU.Build.0 = Release|Any CPU
		{06107815-7C4B-44ED-858F-BD08FEA781E9}.Debug|Any CPU.ActiveCfg = Debug|Any CPU
		{06107815-7C4B-44ED-858F-BD08FEA781E9}.Debug|Any CPU.Build.0 = Debug|Any CPU
		{06107815-7C4B-44ED-858F-BD08FEA781E9}.Release|Any CPU.ActiveCfg = Release|Any CPU
		{06107815-7C4B-44ED-858F-BD08FEA781E9}.Release|Any CPU.Build.0 = Release|Any CPU
		{AC503FCC-7E47-4DCE-8AE0-59227C6C9CA9}.Debug|Any CPU.ActiveCfg = Debug|Any CPU
		{AC503FCC-7E47-4DCE-8AE0-59227C6C9CA9}.Debug|Any CPU.Build.0 = Debug|Any CPU
		{AC503FCC-7E47-4DCE-8AE0-59227C6C9CA9}.Release|Any CPU.ActiveCfg = Release|Any CPU
		{AC503FCC-7E47-4DCE-8AE0-59227C6C9CA9}.Release|Any CPU.Build.0 = Release|Any CPU
		{7DEAC50B-8FEC-4CAA-B195-56F142EFCFDB}.Debug|Any CPU.ActiveCfg = Debug|Any CPU
		{7DEAC50B-8FEC-4CAA-B195-56F142EFCFDB}.Debug|Any CPU.Build.0 = Debug|Any CPU
		{7DEAC50B-8FEC-4CAA-B195-56F142EFCFDB}.Release|Any CPU.ActiveCfg = Release|Any CPU
		{7DEAC50B-8FEC-4CAA-B195-56F142EFCFDB}.Release|Any CPU.Build.0 = Release|Any CPU
		{DE6229E7-B464-4DCC-9058-4DF9F51BE09F}.Debug|Any CPU.ActiveCfg = Debug|Any CPU
		{DE6229E7-B464-4DCC-9058-4DF9F51BE09F}.Debug|Any CPU.Build.0 = Debug|Any CPU
		{DE6229E7-B464-4DCC-9058-4DF9F51BE09F}.Release|Any CPU.ActiveCfg = Release|Any CPU
		{DE6229E7-B464-4DCC-9058-4DF9F51BE09F}.Release|Any CPU.Build.0 = Release|Any CPU
		{60640D87-8725-4297-88DC-A31AE3339ED8}.Debug|Any CPU.ActiveCfg = Debug|Any CPU
		{60640D87-8725-4297-88DC-A31AE3339ED8}.Debug|Any CPU.Build.0 = Debug|Any CPU
		{60640D87-8725-4297-88DC-A31AE3339ED8}.Release|Any CPU.ActiveCfg = Release|Any CPU
		{60640D87-8725-4297-88DC-A31AE3339ED8}.Release|Any CPU.Build.0 = Release|Any CPU
	EndGlobalSection
	GlobalSection(SolutionProperties) = preSolution
		HideSolutionNode = FALSE
	EndGlobalSection
	GlobalSection(ExtensibilityGlobals) = postSolution
		SolutionGuid = {862D661C-E987-4403-9EB8-6333922F2EAA}
	EndGlobalSection
EndGlobal
